
Microsoft Visual Studio Solution File, Format Version 12.00
# Visual Studio 15
VisualStudioVersion = 15.0.27428.2037
MinimumVisualStudioVersion = 10.0.40219.1
Project("{FAE04EC0-301F-11D3-BF4B-00C04F79EFBC}") = "WindowsFormsApp1", "WindowsFormsApp1\WindowsFormsApp1.csproj", "{9C0AA559-E5B2-49A0-97BE-26462849D425}"
EndProject
Global
	GlobalSection(SolutionConfigurationPlatforms) = preSolution
		Debug|Any CPU = Debug|Any CPU
		Release|Any CPU = Release|Any CPU
	EndGlobalSection
	GlobalSection(ProjectConfigurationPlatforms) = postSolution
		{9C0AA559-E5B2-49A0-97BE-26462849D425}.Debug|Any CPU.ActiveCfg = Debug|Any CPU
		{9C0AA559-E5B2-49A0-97BE-26462849D425}.Debug|Any CPU.Build.0 = Debug|Any CPU
		{9C0AA559-E5B2-49A0-97BE-26462849D425}.Release|Any CPU.ActiveCfg = Release|Any CPU
		{9C0AA559-E5B2-49A0-97BE-26462849D425}.Release|Any CPU.Build.0 = Release|Any CPU
	EndGlobalSection
	GlobalSection(SolutionProperties) = preSolution
		HideSolutionNode = FALSE
	EndGlobalSection
	GlobalSection(ExtensibilityGlobals) = postSolution
		SolutionGuid = {EDE2A43E-3F55-4A53-989B-8A98C9F42CD4}
	EndGlobalSection
EndGlobal
